
Microsoft Visual Studio Solution File, Format Version 12.00
# Visual Studio 15
Project("{FAE04EC0-301F-11D3-BF4B-00C04F79EFBC}") = "Unity.XR.CoreUtils", "Unity.XR.CoreUtils.csproj", "{E9CE6D05-2510-3578-303E-282E46BD3D30}"
EndProject
Project("{FAE04EC0-301F-11D3-BF4B-00C04F79EFBC}") = "UnityEngine.TestRunner", "UnityEngine.TestRunner.csproj", "{5507A554-DCC9-B9E4-8D31-D428B86F0DBE}"
EndProject
Project("{FAE04EC0-301F-11D3-BF4B-00C04F79EFBC}") = "Unity.InputSystem", "Unity.InputSystem.csproj", "{7DBB0A84-254E-FB68-8CF8-5DBE7E05A99B}"
EndProject
Project("{FAE04EC0-301F-11D3-BF4B-00C04F79EFBC}") = "UnityEngine.XR.LegacyInputHelpers", "UnityEngine.XR.LegacyInputHelpers.csproj", "{D5205F27-CFC4-1EC9-CE20-8E5FD2BF9FE8}"
EndProject
Project("{FAE04EC0-301F-11D3-BF4B-00C04F79EFBC}") = "Unity.Timeline", "Unity.Timeline.csproj", "{CAA18807-CEC0-D62A-F1FB-EDDACABF9E46}"
EndProject
Project("{FAE04EC0-301F-11D3-BF4B-00C04F79EFBC}") = "UnityEngine.UI", "UnityEngine.UI.csproj", "{791419BC-06A1-7747-2C26-C5D6EA506EB3}"
EndProject
Project("{FAE04EC0-301F-11D3-BF4B-00C04F79EFBC}") = "Unity.TextMeshPro", "Unity.TextMeshPro.csproj", "{E56EED38-72BE-97A0-91DA-F72181B12536}"
EndProject
Project("{FAE04EC0-301F-11D3-BF4B-00C04F79EFBC}") = "Unity.XR.Oculus", "Unity.XR.Oculus.csproj", "{98459BE2-B52B-B27D-F079-D755FC7B3964}"
EndProject
Project("{FAE04EC0-301F-11D3-BF4B-00C04F79EFBC}") = "Unity.XR.Interaction.Toolkit", "Unity.XR.Interaction.Toolkit.csproj", "{53A7028E-9C33-79C3-928A-8D2834673080}"
EndProject
Project("{FAE04EC0-301F-11D3-BF4B-00C04F79EFBC}") = "Unity.XR.Management", "Unity.XR.Management.csproj", "{D1D1867A-2C49-FB1B-E895-7C76DA8A478E}"
EndProject
Project("{FAE04EC0-301F-11D3-BF4B-00C04F79EFBC}") = "Unity.Subsystem.Registration", "Unity.Subsystem.Registration.csproj", "{926FB7B4-2CF7-FB3C-B87E-52AE852704C7}"
EndProject
Project("{FAE04EC0-301F-11D3-BF4B-00C04F79EFBC}") = "UnityEngine.SpatialTracking", "UnityEngine.SpatialTracking.csproj", "{AB897B33-D00C-CEDE-F64B-D58FEB2CBDC4}"
EndProject
Project("{FAE04EC0-301F-11D3-BF4B-00C04F79EFBC}") = "Oculus.Platform", "Oculus.Platform.csproj", "{767E8739-E189-CAED-E9BC-E951FAB5677A}"
EndProject
Project("{FAE04EC0-301F-11D3-BF4B-00C04F79EFBC}") = "Assembly-CSharp", "Assembly-CSharp.csproj", "{C9CDE82C-E7DF-D1D3-E233-1C5AAE77DC74}"
EndProject
Project("{FAE04EC0-301F-11D3-BF4B-00C04F79EFBC}") = "Oculus.Spatializer", "Oculus.Spatializer.csproj", "{4E80F0EC-6417-DF7D-3622-43812A31A3DF}"
EndProject
Project("{FAE04EC0-301F-11D3-BF4B-00C04F79EFBC}") = "Oculus.Interaction", "Oculus.Interaction.csproj", "{4EB156A4-0059-62A6-1F4D-C385AC2EA3FA}"
EndProject
Project("{FAE04EC0-301F-11D3-BF4B-00C04F79EFBC}") = "Facebook.WitAI", "Facebook.WitAI.csproj", "{77E48A6F-85B2-184B-269F-4667555B2859}"
EndProject
Project("{FAE04EC0-301F-11D3-BF4B-00C04F79EFBC}") = "Oculus.AudioManager", "Oculus.AudioManager.csproj", "{D14DC231-3996-97F2-0D3E-59D24AAC5603}"
EndProject
Project("{FAE04EC0-301F-11D3-BF4B-00C04F79EFBC}") = "Oculus.VR", "Oculus.VR.csproj", "{5CFBC06E-9287-6299-9CFC-4E2A1B95C246}"
EndProject
Project("{FAE04EC0-301F-11D3-BF4B-00C04F79EFBC}") = "Oculus.Interaction.Samples", "Oculus.Interaction.Samples.csproj", "{1A11A66A-6B09-822C-9D12-E029F4F2ED29}"
EndProject
Project("{FAE04EC0-301F-11D3-BF4B-00C04F79EFBC}") = "VoiceSDK.Runtime", "VoiceSDK.Runtime.csproj", "{BC4DE92F-60B1-B720-5BD4-B39F54516240}"
EndProject
Project("{FAE04EC0-301F-11D3-BF4B-00C04F79EFBC}") = "Facebook.Wit.TTS", "Facebook.Wit.TTS.csproj", "{EA1065C7-6FFB-D921-1415-9E59CC3C2945}"
EndProject
Project("{FAE04EC0-301F-11D3-BF4B-00C04F79EFBC}") = "LitJson", "LitJson.csproj", "{E0792FD3-975C-36F9-B2E0-61A09218CFD2}"
EndProject
Project("{FAE04EC0-301F-11D3-BF4B-00C04F79EFBC}") = "Facebook.Wit.TTS.Samples", "Facebook.Wit.TTS.Samples.csproj", "{4964F5BA-7DB4-E3E3-F6A0-09A6FA1B2945}"
EndProject
Project("{FAE04EC0-301F-11D3-BF4B-00C04F79EFBC}") = "Oculus.Voice.Demo", "Oculus.Voice.Demo.csproj", "{DD2E2619-45C8-7F42-B36C-951F14F2A897}"
EndProject
Project("{FAE04EC0-301F-11D3-BF4B-00C04F79EFBC}") = "AssistantCoreSDKRuntime", "AssistantCoreSDKRuntime.csproj", "{8BD407C1-35EA-EAD2-3B89-CE81B3A8BA9F}"
EndProject
Project("{FAE04EC0-301F-11D3-BF4B-00C04F79EFBC}") = "Facebook.Wit.Conduit", "Facebook.Wit.Conduit.csproj", "{9F60CAD7-F0B2-8D44-1021-C5843D567BB4}"
EndProject
Project("{FAE04EC0-301F-11D3-BF4B-00C04F79EFBC}") = "Oculus.LipSync", "Oculus.LipSync.csproj", "{2B159C06-DF49-3208-0424-196B85566348}"
EndProject
Project("{FAE04EC0-301F-11D3-BF4B-00C04F79EFBC}") = "Unity.XR.Management.Editor", "Unity.XR.Management.Editor.csproj", "{51AEF179-81CE-9FC1-B4F8-9B34E309B509}"
EndProject
Project("{FAE04EC0-301F-11D3-BF4B-00C04F79EFBC}") = "UnityEditor.TestRunner", "UnityEditor.TestRunner.csproj", "{99E69921-969F-9904-4C58-9DC952980D46}"
EndProject
Project("{FAE04EC0-301F-11D3-BF4B-00C04F79EFBC}") = "Unity.CollabProxy.Editor", "Unity.CollabProxy.Editor.csproj", "{B9A6A0C4-80DF-ADF3-BF89-AC6F17D1DF15}"
EndProject
Project("{FAE04EC0-301F-11D3-BF4B-00C04F79EFBC}") = "Unity.PlasticSCM.Editor", "Unity.PlasticSCM.Editor.csproj", "{95224D0A-81E1-4BBE-8865-FCCC841C64F4}"
EndProject
Project("{FAE04EC0-301F-11D3-BF4B-00C04F79EFBC}") = "UnityEditor.UI", "UnityEditor.UI.csproj", "{BCBB054F-7BA2-D554-7C71-236DB1A46089}"
EndProject
Project("{FAE04EC0-301F-11D3-BF4B-00C04F79EFBC}") = "Unity.Services.Core.Editor", "Unity.Services.Core.Editor.csproj", "{802B623B-04E1-CD2B-8C5E-88FC766EF008}"
EndProject
Project("{FAE04EC0-301F-11D3-BF4B-00C04F79EFBC}") = "Unity.Timeline.Editor", "Unity.Timeline.Editor.csproj", "{A3F4B2DC-73E5-3DA8-EB03-A5F8EF9AE800}"
EndProject
Project("{FAE04EC0-301F-11D3-BF4B-00C04F79EFBC}") = "Unity.VisualStudio.Editor", "Unity.VisualStudio.Editor.csproj", "{A823D787-26F1-5A55-DAB9-067ECF45F0CD}"
EndProject
Project("{FAE04EC0-301F-11D3-BF4B-00C04F79EFBC}") = "Unity.XR.Interaction.Toolkit.Editor", "Unity.XR.Interaction.Toolkit.Editor.csproj", "{8A3C4EB7-4E16-0FB1-D5B4-300437B25EC8}"
EndProject
Project("{FAE04EC0-301F-11D3-BF4B-00C04F79EFBC}") = "Unity.TextMeshPro.Editor", "Unity.TextMeshPro.Editor.csproj", "{8F3E7FD4-4B47-F4C6-B58B-4C9EA4CA8410}"
EndProject
Project("{FAE04EC0-301F-11D3-BF4B-00C04F79EFBC}") = "Unity.Rider.Editor", "Unity.Rider.Editor.csproj", "{DEDE5E7F-36D5-9045-7228-B7382A164BE6}"
EndProject
Project("{FAE04EC0-301F-11D3-BF4B-00C04F79EFBC}") = "Unity.XR.CoreUtils.Editor", "Unity.XR.CoreUtils.Editor.csproj", "{C45F40D9-9F2C-8DF2-C4F1-8192CF56B1EF}"
EndProject
Project("{FAE04EC0-301F-11D3-BF4B-00C04F79EFBC}") = "UnityEditor.XR.LegacyInputHelpers", "UnityEditor.XR.LegacyInputHelpers.csproj", "{02BEDEFC-0C79-6743-71DC-9AB4CB9FFF3D}"
EndProject
Project("{FAE04EC0-301F-11D3-BF4B-00C04F79EFBC}") = "Unity.VSCode.Editor", "Unity.VSCode.Editor.csproj", "{7B9FA2FF-96C0-D73D-6222-8714CF6F0AB5}"
EndProject
Project("{FAE04EC0-301F-11D3-BF4B-00C04F79EFBC}") = "UnityEditor.SpatialTracking", "UnityEditor.SpatialTracking.csproj", "{84A8BE6C-EFCD-C626-C756-E44C8DB716E9}"
EndProject
Project("{FAE04EC0-301F-11D3-BF4B-00C04F79EFBC}") = "Unity.XR.Oculus.Editor", "Unity.XR.Oculus.Editor.csproj", "{335713DA-3DAD-3267-C517-78866EB1779D}"
EndProject
Project("{FAE04EC0-301F-11D3-BF4B-00C04F79EFBC}") = "Oculus.Platform.Editor", "Oculus.Platform.Editor.csproj", "{8B427C1B-C2D8-A4E3-54B2-C583D9314265}"
EndProject
Project("{FAE04EC0-301F-11D3-BF4B-00C04F79EFBC}") = "Facebook.Wit.Editor", "Facebook.Wit.Editor.csproj", "{BB208AB8-7F34-33A4-D626-BF6C1C8D4CB8}"
EndProject
Project("{FAE04EC0-301F-11D3-BF4B-00C04F79EFBC}") = "Facebook.Wit.Conduit.Editor", "Facebook.Wit.Conduit.Editor.csproj", "{D90FB152-F9E1-99A7-5AA7-24EB8DC9880B}"
EndProject
Project("{FAE04EC0-301F-11D3-BF4B-00C04F79EFBC}") = "Oculus.AudioManager.Audio.Editor", "Oculus.AudioManager.Audio.Editor.csproj", "{A1416450-7ABD-D34D-0445-5A342364D052}"
EndProject
Project("{FAE04EC0-301F-11D3-BF4B-00C04F79EFBC}") = "Oculus.Interaction.Editor", "Oculus.Interaction.Editor.csproj", "{C73542B7-B489-A4EF-2303-F3A901369B21}"
EndProject
Project("{FAE04EC0-301F-11D3-BF4B-00C04F79EFBC}") = "Oculus.VR.Scripts.Editor", "Oculus.VR.Scripts.Editor.csproj", "{5F5116AE-392A-0386-31FB-E545B323F00D}"
EndProject
Project("{FAE04EC0-301F-11D3-BF4B-00C04F79EFBC}") = "Oculus.VR.Editor", "Oculus.VR.Editor.csproj", "{C008CAB6-CA4D-25ED-5462-3D59ECC96FCA}"
EndProject
Project("{FAE04EC0-301F-11D3-BF4B-00C04F79EFBC}") = "Oculus.LipSync.Editor", "Oculus.LipSync.Editor.csproj", "{DC4625D9-ECAF-EB2F-F828-8C3CD299C29A}"
EndProject
Project("{FAE04EC0-301F-11D3-BF4B-00C04F79EFBC}") = "Oculus.Interaction.InterfaceSupport", "Oculus.Interaction.InterfaceSupport.csproj", "{9486E799-887F-D71D-7B63-44BE612AAEC8}"
EndProject
Project("{FAE04EC0-301F-11D3-BF4B-00C04F79EFBC}") = "Assembly-CSharp-Editor", "Assembly-CSharp-Editor.csproj", "{70C0BEE9-D58C-0A0F-8B9B-7F395A525412}"
EndProject
Project("{FAE04EC0-301F-11D3-BF4B-00C04F79EFBC}") = "Oculus.Interaction.Samples.Editor", "Oculus.Interaction.Samples.Editor.csproj", "{DBBA6B85-849E-BDF2-79AD-39E8D77956C5}"
EndProject
Project("{FAE04EC0-301F-11D3-BF4B-00C04F79EFBC}") = "VoiceSDK.Editor", "VoiceSDK.Editor.csproj", "{01E3CE19-4E6D-3CF1-5AFE-4584FF26584B}"
EndProject
Project("{FAE04EC0-301F-11D3-BF4B-00C04F79EFBC}") = "AssistantCoreSDKEditor", "AssistantCoreSDKEditor.csproj", "{A93DA6DC-2A7E-F4A7-AA97-5F5260962B2C}"
EndProject
Project("{FAE04EC0-301F-11D3-BF4B-00C04F79EFBC}") = "Facebook.Wit.TTS.Editor", "Facebook.Wit.TTS.Editor.csproj", "{E1EE5332-6800-B0A8-D80B-103D28264BB1}"
EndProject
Project("{FAE04EC0-301F-11D3-BF4B-00C04F79EFBC}") = "Oculus.AudioManager.Utils.Editor", "Oculus.AudioManager.Utils.Editor.csproj", "{23884F1F-73CB-6AF8-3DF1-E1075EF62213}"
EndProject
Project("{FAE04EC0-301F-11D3-BF4B-00C04F79EFBC}") = "Oculus.Spatializer.Editor", "Oculus.Spatializer.Editor.csproj", "{F97583F9-E995-1F98-67F2-68D013015481}"
EndProject
Project("{FAE04EC0-301F-11D3-BF4B-00C04F79EFBC}") = "Unity.XR.CoreUtils", "Unity.XR.CoreUtils.Player.csproj", "{FADAD729-5A8D-27D1-64AF-172E3CD5BDCD}"
EndProject
Project("{FAE04EC0-301F-11D3-BF4B-00C04F79EFBC}") = "UnityEngine.TestRunner", "UnityEngine.TestRunner.Player.csproj", "{31479B22-A959-3F3C-8F2C-81AE8D9053DB}"
EndProject
Project("{FAE04EC0-301F-11D3-BF4B-00C04F79EFBC}") = "Unity.InputSystem", "Unity.InputSystem.Player.csproj", "{9B85454C-9FA9-00B0-23FC-9A92225A785C}"
EndProject
Project("{FAE04EC0-301F-11D3-BF4B-00C04F79EFBC}") = "UnityEngine.XR.LegacyInputHelpers", "UnityEngine.XR.LegacyInputHelpers.Player.csproj", "{5BB56EF6-6AB2-1B2E-4CF1-11700765ABD7}"
EndProject
Project("{FAE04EC0-301F-11D3-BF4B-00C04F79EFBC}") = "Unity.Timeline", "Unity.Timeline.Player.csproj", "{1DD97063-F7CA-DC4C-C0FF-24B86383742C}"
EndProject
Project("{FAE04EC0-301F-11D3-BF4B-00C04F79EFBC}") = "UnityEngine.UI", "UnityEngine.UI.Player.csproj", "{06CB3C13-BAC3-A55C-25AF-06F29E0C83D8}"
EndProject
Project("{FAE04EC0-301F-11D3-BF4B-00C04F79EFBC}") = "Unity.TextMeshPro", "Unity.TextMeshPro.Player.csproj", "{60C67A74-8E3E-175C-3A8C-15E9CF02F2F6}"
EndProject
Project("{FAE04EC0-301F-11D3-BF4B-00C04F79EFBC}") = "Unity.XR.Oculus", "Unity.XR.Oculus.Player.csproj", "{511AB273-F5AF-85DD-A272-AC3AEE5F2846}"
EndProject
Project("{FAE04EC0-301F-11D3-BF4B-00C04F79EFBC}") = "Unity.XR.Interaction.Toolkit", "Unity.XR.Interaction.Toolkit.Player.csproj", "{CA41AC73-DBBF-CA42-5564-DD46115F8A9C}"
EndProject
Project("{FAE04EC0-301F-11D3-BF4B-00C04F79EFBC}") = "Unity.XR.Management", "Unity.XR.Management.Player.csproj", "{F5883C00-3B08-C1B0-D681-141110FAB9C4}"
EndProject
Project("{FAE04EC0-301F-11D3-BF4B-00C04F79EFBC}") = "Unity.Subsystem.Registration", "Unity.Subsystem.Registration.Player.csproj", "{DA2A930B-6DF0-B825-80EC-9BC86F54EBD4}"
EndProject
Project("{FAE04EC0-301F-11D3-BF4B-00C04F79EFBC}") = "UnityEngine.SpatialTracking", "UnityEngine.SpatialTracking.Player.csproj", "{4E0384A6-88D8-4119-44FE-C02BE96F8085}"
EndProject
Project("{FAE04EC0-301F-11D3-BF4B-00C04F79EFBC}") = "Oculus.Platform", "Oculus.Platform.Player.csproj", "{65E79806-8CBC-EAAC-C56E-D036BBC57C3D}"
EndProject
Project("{FAE04EC0-301F-11D3-BF4B-00C04F79EFBC}") = "Assembly-CSharp", "Assembly-CSharp.Player.csproj", "{8000FBF5-7638-907E-38DD-9E715B77935E}"
EndProject
Project("{FAE04EC0-301F-11D3-BF4B-00C04F79EFBC}") = "Oculus.Spatializer", "Oculus.Spatializer.Player.csproj", "{7A009D38-D760-5C52-B325-73342739F4FD}"
EndProject
Project("{FAE04EC0-301F-11D3-BF4B-00C04F79EFBC}") = "Oculus.Interaction", "Oculus.Interaction.Player.csproj", "{46A405D0-2430-C030-8875-135D060BBA2A}"
EndProject
Project("{FAE04EC0-301F-11D3-BF4B-00C04F79EFBC}") = "Facebook.WitAI", "Facebook.WitAI.Player.csproj", "{09460D14-2017-E219-44E5-A75329595201}"
EndProject
Project("{FAE04EC0-301F-11D3-BF4B-00C04F79EFBC}") = "Oculus.AudioManager", "Oculus.AudioManager.Player.csproj", "{75BB8B0E-5181-E581-21A4-F8FB5B263890}"
EndProject
Project("{FAE04EC0-301F-11D3-BF4B-00C04F79EFBC}") = "Oculus.VR", "Oculus.VR.Player.csproj", "{7BA7CF2E-48C3-86AD-18D3-1FC1A77B99FC}"
EndProject
Project("{FAE04EC0-301F-11D3-BF4B-00C04F79EFBC}") = "Oculus.Interaction.Samples", "Oculus.Interaction.Samples.Player.csproj", "{2B56A485-4FA1-7FEB-CC21-C88DA5D5676F}"
EndProject
Project("{FAE04EC0-301F-11D3-BF4B-00C04F79EFBC}") = "VoiceSDK.Runtime", "VoiceSDK.Runtime.Player.csproj", "{BFA60A48-D7FD-7BC7-2407-82E7631B1243}"
EndProject
Project("{FAE04EC0-301F-11D3-BF4B-00C04F79EFBC}") = "Facebook.Wit.TTS", "Facebook.Wit.TTS.Player.csproj", "{CB80C37B-F292-4440-47C4-0CB97B234889}"
EndProject
Project("{FAE04EC0-301F-11D3-BF4B-00C04F79EFBC}") = "LitJson", "LitJson.Player.csproj", "{CE3BFE11-01F1-0FA2-01C9-A70394BA1EC1}"
EndProject
Project("{FAE04EC0-301F-11D3-BF4B-00C04F79EFBC}") = "Facebook.Wit.TTS.Samples", "Facebook.Wit.TTS.Samples.Player.csproj", "{FF00F9AF-200F-3F1C-9F7D-CDE1B3A8EAC4}"
EndProject
Project("{FAE04EC0-301F-11D3-BF4B-00C04F79EFBC}") = "Oculus.Voice.Demo", "Oculus.Voice.Demo.Player.csproj", "{1111401D-21DF-D745-C245-AAF7FC238448}"
EndProject
Project("{FAE04EC0-301F-11D3-BF4B-00C04F79EFBC}") = "AssistantCoreSDKRuntime", "AssistantCoreSDKRuntime.Player.csproj", "{FD162586-F1C4-CBCD-8E99-0A689988AC28}"
EndProject
Project("{FAE04EC0-301F-11D3-BF4B-00C04F79EFBC}") = "Facebook.Wit.Conduit", "Facebook.Wit.Conduit.Player.csproj", "{FFDE00BE-7FED-1D09-2576-BCBA7D056A84}"
EndProject
Project("{FAE04EC0-301F-11D3-BF4B-00C04F79EFBC}") = "Oculus.LipSync", "Oculus.LipSync.Player.csproj", "{3C632CF7-BAAC-CFC3-BF66-26C35DD2B31D}"
EndProject
Global
	GlobalSection(SolutionConfigurationPlatforms) = preSolution
		Debug|Any CPU = Debug|Any CPU
		Release|Any CPU = Release|Any CPU
	EndGlobalSection
	GlobalSection(ProjectConfigurationPlatforms) = postSolution
		{E9CE6D05-2510-3578-303E-282E46BD3D30}.Debug|Any CPU.ActiveCfg = Debug|Any CPU
		{E9CE6D05-2510-3578-303E-282E46BD3D30}.Debug|Any CPU.Build.0 = Debug|Any CPU
		{E9CE6D05-2510-3578-303E-282E46BD3D30}.Release|Any CPU.ActiveCfg = Release|Any CPU
		{E9CE6D05-2510-3578-303E-282E46BD3D30}.Release|Any CPU.Build.0 = Release|Any CPU
		{5507A554-DCC9-B9E4-8D31-D428B86F0DBE}.Debug|Any CPU.ActiveCfg = Debug|Any CPU
		{5507A554-DCC9-B9E4-8D31-D428B86F0DBE}.Debug|Any CPU.Build.0 = Debug|Any CPU
		{5507A554-DCC9-B9E4-8D31-D428B86F0DBE}.Release|Any CPU.ActiveCfg = Release|Any CPU
		{5507A554-DCC9-B9E4-8D31-D428B86F0DBE}.Release|Any CPU.Build.0 = Release|Any CPU
		{7DBB0A84-254E-FB68-8CF8-5DBE7E05A99B}.Debug|Any CPU.ActiveCfg = Debug|Any CPU
		{7DBB0A84-254E-FB68-8CF8-5DBE7E05A99B}.Debug|Any CPU.Build.0 = Debug|Any CPU
		{7DBB0A84-254E-FB68-8CF8-5DBE7E05A99B}.Release|Any CPU.ActiveCfg = Release|Any CPU
		{7DBB0A84-254E-FB68-8CF8-5DBE7E05A99B}.Release|Any CPU.Build.0 = Release|Any CPU
		{D5205F27-CFC4-1EC9-CE20-8E5FD2BF9FE8}.Debug|Any CPU.ActiveCfg = Debug|Any CPU
		{D5205F27-CFC4-1EC9-CE20-8E5FD2BF9FE8}.Debug|Any CPU.Build.0 = Debug|Any CPU
		{D5205F27-CFC4-1EC9-CE20-8E5FD2BF9FE8}.Release|Any CPU.ActiveCfg = Release|Any CPU
		{D5205F27-CFC4-1EC9-CE20-8E5FD2BF9FE8}.Release|Any CPU.Build.0 = Release|Any CPU
		{CAA18807-CEC0-D62A-F1FB-EDDACABF9E46}.Debug|Any CPU.ActiveCfg = Debug|Any CPU
		{CAA18807-CEC0-D62A-F1FB-EDDACABF9E46}.Debug|Any CPU.Build.0 = Debug|Any CPU
		{CAA18807-CEC0-D62A-F1FB-EDDACABF9E46}.Release|Any CPU.ActiveCfg = Release|Any CPU
		{CAA18807-CEC0-D62A-F1FB-EDDACABF9E46}.Release|Any CPU.Build.0 = Release|Any CPU
		{791419BC-06A1-7747-2C26-C5D6EA506EB3}.Debug|Any CPU.ActiveCfg = Debug|Any CPU
		{791419BC-06A1-7747-2C26-C5D6EA506EB3}.Debug|Any CPU.Build.0 = Debug|Any CPU
		{791419BC-06A1-7747-2C26-C5D6EA506EB3}.Release|Any CPU.ActiveCfg = Release|Any CPU
		{791419BC-06A1-7747-2C26-C5D6EA506EB3}.Release|Any CPU.Build.0 = Release|Any CPU
		{E56EED38-72BE-97A0-91DA-F72181B12536}.Debug|Any CPU.ActiveCfg = Debug|Any CPU
		{E56EED38-72BE-97A0-91DA-F72181B12536}.Debug|Any CPU.Build.0 = Debug|Any CPU
		{E56EED38-72BE-97A0-91DA-F72181B12536}.Release|Any CPU.ActiveCfg = Release|Any CPU
		{E56EED38-72BE-97A0-91DA-F72181B12536}.Release|Any CPU.Build.0 = Release|Any CPU
		{98459BE2-B52B-B27D-F079-D755FC7B3964}.Debug|Any CPU.ActiveCfg = Debug|Any CPU
		{98459BE2-B52B-B27D-F079-D755FC7B3964}.Debug|Any CPU.Build.0 = Debug|Any CPU
		{98459BE2-B52B-B27D-F079-D755FC7B3964}.Release|Any CPU.ActiveCfg = Release|Any CPU
		{98459BE2-B52B-B27D-F079-D755FC7B3964}.Release|Any CPU.Build.0 = Release|Any CPU
		{53A7028E-9C33-79C3-928A-8D2834673080}.Debug|Any CPU.ActiveCfg = Debug|Any CPU
		{53A7028E-9C33-79C3-928A-8D2834673080}.Debug|Any CPU.Build.0 = Debug|Any CPU
		{53A7028E-9C33-79C3-928A-8D2834673080}.Release|Any CPU.ActiveCfg = Release|Any CPU
		{53A7028E-9C33-79C3-928A-8D2834673080}.Release|Any CPU.Build.0 = Release|Any CPU
		{D1D1867A-2C49-FB1B-E895-7C76DA8A478E}.Debug|Any CPU.ActiveCfg = Debug|Any CPU
		{D1D1867A-2C49-FB1B-E895-7C76DA8A478E}.Debug|Any CPU.Build.0 = Debug|Any CPU
		{D1D1867A-2C49-FB1B-E895-7C76DA8A478E}.Release|Any CPU.ActiveCfg = Release|Any CPU
		{D1D1867A-2C49-FB1B-E895-7C76DA8A478E}.Release|Any CPU.Build.0 = Release|Any CPU
		{926FB7B4-2CF7-FB3C-B87E-52AE852704C7}.Debug|Any CPU.ActiveCfg = Debug|Any CPU
		{926FB7B4-2CF7-FB3C-B87E-52AE852704C7}.Debug|Any CPU.Build.0 = Debug|Any CPU
		{926FB7B4-2CF7-FB3C-B87E-52AE852704C7}.Release|Any CPU.ActiveCfg = Release|Any CPU
		{926FB7B4-2CF7-FB3C-B87E-52AE852704C7}.Release|Any CPU.Build.0 = Release|Any CPU
		{AB897B33-D00C-CEDE-F64B-D58FEB2CBDC4}.Debug|Any CPU.ActiveCfg = Debug|Any CPU
		{AB897B33-D00C-CEDE-F64B-D58FEB2CBDC4}.Debug|Any CPU.Build.0 = Debug|Any CPU
		{AB897B33-D00C-CEDE-F64B-D58FEB2CBDC4}.Release|Any CPU.ActiveCfg = Release|Any CPU
		{AB897B33-D00C-CEDE-F64B-D58FEB2CBDC4}.Release|Any CPU.Build.0 = Release|Any CPU
		{767E8739-E189-CAED-E9BC-E951FAB5677A}.Debug|Any CPU.ActiveCfg = Debug|Any CPU
		{767E8739-E189-CAED-E9BC-E951FAB5677A}.Debug|Any CPU.Build.0 = Debug|Any CPU
		{767E8739-E189-CAED-E9BC-E951FAB5677A}.Release|Any CPU.ActiveCfg = Release|Any CPU
		{767E8739-E189-CAED-E9BC-E951FAB5677A}.Release|Any CPU.Build.0 = Release|Any CPU
		{C9CDE82C-E7DF-D1D3-E233-1C5AAE77DC74}.Debug|Any CPU.ActiveCfg = Debug|Any CPU
		{C9CDE82C-E7DF-D1D3-E233-1C5AAE77DC74}.Debug|Any CPU.Build.0 = Debug|Any CPU
		{C9CDE82C-E7DF-D1D3-E233-1C5AAE77DC74}.Release|Any CPU.ActiveCfg = Release|Any CPU
		{C9CDE82C-E7DF-D1D3-E233-1C5AAE77DC74}.Release|Any CPU.Build.0 = Release|Any CPU
		{4E80F0EC-6417-DF7D-3622-43812A31A3DF}.Debug|Any CPU.ActiveCfg = Debug|Any CPU
		{4E80F0EC-6417-DF7D-3622-43812A31A3DF}.Debug|Any CPU.Build.0 = Debug|Any CPU
		{4E80F0EC-6417-DF7D-3622-43812A31A3DF}.Release|Any CPU.ActiveCfg = Release|Any CPU
		{4E80F0EC-6417-DF7D-3622-43812A31A3DF}.Release|Any CPU.Build.0 = Release|Any CPU
		{4EB156A4-0059-62A6-1F4D-C385AC2EA3FA}.Debug|Any CPU.ActiveCfg = Debug|Any CPU
		{4EB156A4-0059-62A6-1F4D-C385AC2EA3FA}.Debug|Any CPU.Build.0 = Debug|Any CPU
		{4EB156A4-0059-62A6-1F4D-C385AC2EA3FA}.Release|Any CPU.ActiveCfg = Release|Any CPU
		{4EB156A4-0059-62A6-1F4D-C385AC2EA3FA}.Release|Any CPU.Build.0 = Release|Any CPU
		{77E48A6F-85B2-184B-269F-4667555B2859}.Debug|Any CPU.ActiveCfg = Debug|Any CPU
		{77E48A6F-85B2-184B-269F-4667555B2859}.Debug|Any CPU.Build.0 = Debug|Any CPU
		{77E48A6F-85B2-184B-269F-4667555B2859}.Release|Any CPU.ActiveCfg = Release|Any CPU
		{77E48A6F-85B2-184B-269F-4667555B2859}.Release|Any CPU.Build.0 = Release|Any CPU
		{D14DC231-3996-97F2-0D3E-59D24AAC5603}.Debug|Any CPU.ActiveCfg = Debug|Any CPU
		{D14DC231-3996-97F2-0D3E-59D24AAC5603}.Debug|Any CPU.Build.0 = Debug|Any CPU
		{D14DC231-3996-97F2-0D3E-59D24AAC5603}.Release|Any CPU.ActiveCfg = Release|Any CPU
		{D14DC231-3996-97F2-0D3E-59D24AAC5603}.Release|Any CPU.Build.0 = Release|Any CPU
		{5CFBC06E-9287-6299-9CFC-4E2A1B95C246}.Debug|Any CPU.ActiveCfg = Debug|Any CPU
		{5CFBC06E-9287-6299-9CFC-4E2A1B95C246}.Debug|Any CPU.Build.0 = Debug|Any CPU
		{5CFBC06E-9287-6299-9CFC-4E2A1B95C246}.Release|Any CPU.ActiveCfg = Release|Any CPU
		{5CFBC06E-9287-6299-9CFC-4E2A1B95C246}.Release|Any CPU.Build.0 = Release|Any CPU
		{1A11A66A-6B09-822C-9D12-E029F4F2ED29}.Debug|Any CPU.ActiveCfg = Debug|Any CPU
		{1A11A66A-6B09-822C-9D12-E029F4F2ED29}.Debug|Any CPU.Build.0 = Debug|Any CPU
		{1A11A66A-6B09-822C-9D12-E029F4F2ED29}.Release|Any CPU.ActiveCfg = Release|Any CPU
		{1A11A66A-6B09-822C-9D12-E029F4F2ED29}.Release|Any CPU.Build.0 = Release|Any CPU
		{BC4DE92F-60B1-B720-5BD4-B39F54516240}.Debug|Any CPU.ActiveCfg = Debug|Any CPU
		{BC4DE92F-60B1-B720-5BD4-B39F54516240}.Debug|Any CPU.Build.0 = Debug|Any CPU
		{BC4DE92F-60B1-B720-5BD4-B39F54516240}.Release|Any CPU.ActiveCfg = Release|Any CPU
		{BC4DE92F-60B1-B720-5BD4-B39F54516240}.Release|Any CPU.Build.0 = Release|Any CPU
		{EA1065C7-6FFB-D921-1415-9E59CC3C2945}.Debug|Any CPU.ActiveCfg = Debug|Any CPU
		{EA1065C7-6FFB-D921-1415-9E59CC3C2945}.Debug|Any CPU.Build.0 = Debug|Any CPU
		{EA1065C7-6FFB-D921-1415-9E59CC3C2945}.Release|Any CPU.ActiveCfg = Release|Any CPU
		{EA1065C7-6FFB-D921-1415-9E59CC3C2945}.Release|Any CPU.Build.0 = Release|Any CPU
		{E0792FD3-975C-36F9-B2E0-61A09218CFD2}.Debug|Any CPU.ActiveCfg = Debug|Any CPU
		{E0792FD3-975C-36F9-B2E0-61A09218CFD2}.Debug|Any CPU.Build.0 = Debug|Any CPU
		{E0792FD3-975C-36F9-B2E0-61A09218CFD2}.Release|Any CPU.ActiveCfg = Release|Any CPU
		{E0792FD3-975C-36F9-B2E0-61A09218CFD2}.Release|Any CPU.Build.0 = Release|Any CPU
		{4964F5BA-7DB4-E3E3-F6A0-09A6FA1B2945}.Debug|Any CPU.ActiveCfg = Debug|Any CPU
		{4964F5BA-7DB4-E3E3-F6A0-09A6FA1B2945}.Debug|Any CPU.Build.0 = Debug|Any CPU
		{4964F5BA-7DB4-E3E3-F6A0-09A6FA1B2945}.Release|Any CPU.ActiveCfg = Release|Any CPU
		{4964F5BA-7DB4-E3E3-F6A0-09A6FA1B2945}.Release|Any CPU.Build.0 = Release|Any CPU
		{DD2E2619-45C8-7F42-B36C-951F14F2A897}.Debug|Any CPU.ActiveCfg = Debug|Any CPU
		{DD2E2619-45C8-7F42-B36C-951F14F2A897}.Debug|Any CPU.Build.0 = Debug|Any CPU
		{DD2E2619-45C8-7F42-B36C-951F14F2A897}.Release|Any CPU.ActiveCfg = Release|Any CPU
		{DD2E2619-45C8-7F42-B36C-951F14F2A897}.Release|Any CPU.Build.0 = Release|Any CPU
		{8BD407C1-35EA-EAD2-3B89-CE81B3A8BA9F}.Debug|Any CPU.ActiveCfg = Debug|Any CPU
		{8BD407C1-35EA-EAD2-3B89-CE81B3A8BA9F}.Debug|Any CPU.Build.0 = Debug|Any CPU
		{8BD407C1-35EA-EAD2-3B89-CE81B3A8BA9F}.Release|Any CPU.ActiveCfg = Release|Any CPU
		{8BD407C1-35EA-EAD2-3B89-CE81B3A8BA9F}.Release|Any CPU.Build.0 = Release|Any CPU
		{9F60CAD7-F0B2-8D44-1021-C5843D567BB4}.Debug|Any CPU.ActiveCfg = Debug|Any CPU
		{9F60CAD7-F0B2-8D44-1021-C5843D567BB4}.Debug|Any CPU.Build.0 = Debug|Any CPU
		{9F60CAD7-F0B2-8D44-1021-C5843D567BB4}.Release|Any CPU.ActiveCfg = Release|Any CPU
		{9F60CAD7-F0B2-8D44-1021-C5843D567BB4}.Release|Any CPU.Build.0 = Release|Any CPU
		{2B159C06-DF49-3208-0424-196B85566348}.Debug|Any CPU.ActiveCfg = Debug|Any CPU
		{2B159C06-DF49-3208-0424-196B85566348}.Debug|Any CPU.Build.0 = Debug|Any CPU
		{2B159C06-DF49-3208-0424-196B85566348}.Release|Any CPU.ActiveCfg = Release|Any CPU
		{2B159C06-DF49-3208-0424-196B85566348}.Release|Any CPU.Build.0 = Release|Any CPU
		{51AEF179-81CE-9FC1-B4F8-9B34E309B509}.Debug|Any CPU.ActiveCfg = Debug|Any CPU
		{51AEF179-81CE-9FC1-B4F8-9B34E309B509}.Debug|Any CPU.Build.0 = Debug|Any CPU
		{51AEF179-81CE-9FC1-B4F8-9B34E309B509}.Release|Any CPU.ActiveCfg = Release|Any CPU
		{51AEF179-81CE-9FC1-B4F8-9B34E309B509}.Release|Any CPU.Build.0 = Release|Any CPU
		{99E69921-969F-9904-4C58-9DC952980D46}.Debug|Any CPU.ActiveCfg = Debug|Any CPU
		{99E69921-969F-9904-4C58-9DC952980D46}.Debug|Any CPU.Build.0 = Debug|Any CPU
		{99E69921-969F-9904-4C58-9DC952980D46}.Release|Any CPU.ActiveCfg = Release|Any CPU
		{99E69921-969F-9904-4C58-9DC952980D46}.Release|Any CPU.Build.0 = Release|Any CPU
		{B9A6A0C4-80DF-ADF3-BF89-AC6F17D1DF15}.Debug|Any CPU.ActiveCfg = Debug|Any CPU
		{B9A6A0C4-80DF-ADF3-BF89-AC6F17D1DF15}.Debug|Any CPU.Build.0 = Debug|Any CPU
		{B9A6A0C4-80DF-ADF3-BF89-AC6F17D1DF15}.Release|Any CPU.ActiveCfg = Release|Any CPU
		{B9A6A0C4-80DF-ADF3-BF89-AC6F17D1DF15}.Release|Any CPU.Build.0 = Release|Any CPU
		{95224D0A-81E1-4BBE-8865-FCCC841C64F4}.Debug|Any CPU.ActiveCfg = Debug|Any CPU
		{95224D0A-81E1-4BBE-8865-FCCC841C64F4}.Debug|Any CPU.Build.0 = Debug|Any CPU
		{95224D0A-81E1-4BBE-8865-FCCC841C64F4}.Release|Any CPU.ActiveCfg = Release|Any CPU
		{95224D0A-81E1-4BBE-8865-FCCC841C64F4}.Release|Any CPU.Build.0 = Release|Any CPU
		{BCBB054F-7BA2-D554-7C71-236DB1A46089}.Debug|Any CPU.ActiveCfg = Debug|Any CPU
		{BCBB054F-7BA2-D554-7C71-236DB1A46089}.Debug|Any CPU.Build.0 = Debug|Any CPU
		{BCBB054F-7BA2-D554-7C71-236DB1A46089}.Release|Any CPU.ActiveCfg = Release|Any CPU
		{BCBB054F-7BA2-D554-7C71-236DB1A46089}.Release|Any CPU.Build.0 = Release|Any CPU
		{802B623B-04E1-CD2B-8C5E-88FC766EF008}.Debug|Any CPU.ActiveCfg = Debug|Any CPU
		{802B623B-04E1-CD2B-8C5E-88FC766EF008}.Debug|Any CPU.Build.0 = Debug|Any CPU
		{802B623B-04E1-CD2B-8C5E-88FC766EF008}.Release|Any CPU.ActiveCfg = Release|Any CPU
		{802B623B-04E1-CD2B-8C5E-88FC766EF008}.Release|Any CPU.Build.0 = Release|Any CPU
		{A3F4B2DC-73E5-3DA8-EB03-A5F8EF9AE800}.Debug|Any CPU.ActiveCfg = Debug|Any CPU
		{A3F4B2DC-73E5-3DA8-EB03-A5F8EF9AE800}.Debug|Any CPU.Build.0 = Debug|Any CPU
		{A3F4B2DC-73E5-3DA8-EB03-A5F8EF9AE800}.Release|Any CPU.ActiveCfg = Release|Any CPU
		{A3F4B2DC-73E5-3DA8-EB03-A5F8EF9AE800}.Release|Any CPU.Build.0 = Release|Any CPU
		{A823D787-26F1-5A55-DAB9-067ECF45F0CD}.Debug|Any CPU.ActiveCfg = Debug|Any CPU
		{A823D787-26F1-5A55-DAB9-067ECF45F0CD}.Debug|Any CPU.Build.0 = Debug|Any CPU
		{A823D787-26F1-5A55-DAB9-067ECF45F0CD}.Release|Any CPU.ActiveCfg = Release|Any CPU
		{A823D787-26F1-5A55-DAB9-067ECF45F0CD}.Release|Any CPU.Build.0 = Release|Any CPU
		{8A3C4EB7-4E16-0FB1-D5B4-300437B25EC8}.Debug|Any CPU.ActiveCfg = Debug|Any CPU
		{8A3C4EB7-4E16-0FB1-D5B4-300437B25EC8}.Debug|Any CPU.Build.0 = Debug|Any CPU
		{8A3C4EB7-4E16-0FB1-D5B4-300437B25EC8}.Release|Any CPU.ActiveCfg = Release|Any CPU
		{8A3C4EB7-4E16-0FB1-D5B4-300437B25EC8}.Release|Any CPU.Build.0 = Release|Any CPU
		{8F3E7FD4-4B47-F4C6-B58B-4C9EA4CA8410}.Debug|Any CPU.ActiveCfg = Debug|Any CPU
		{8F3E7FD4-4B47-F4C6-B58B-4C9EA4CA8410}.Debug|Any CPU.Build.0 = Debug|Any CPU
		{8F3E7FD4-4B47-F4C6-B58B-4C9EA4CA8410}.Release|Any CPU.ActiveCfg = Release|Any CPU
		{8F3E7FD4-4B47-F4C6-B58B-4C9EA4CA8410}.Release|Any CPU.Build.0 = Release|Any CPU
		{DEDE5E7F-36D5-9045-7228-B7382A164BE6}.Debug|Any CPU.ActiveCfg = Debug|Any CPU
		{DEDE5E7F-36D5-9045-7228-B7382A164BE6}.Debug|Any CPU.Build.0 = Debug|Any CPU
		{DEDE5E7F-36D5-9045-7228-B7382A164BE6}.Release|Any CPU.ActiveCfg = Release|Any CPU
		{DEDE5E7F-36D5-9045-7228-B7382A164BE6}.Release|Any CPU.Build.0 = Release|Any CPU
		{C45F40D9-9F2C-8DF2-C4F1-8192CF56B1EF}.Debug|Any CPU.ActiveCfg = Debug|Any CPU
		{C45F40D9-9F2C-8DF2-C4F1-8192CF56B1EF}.Debug|Any CPU.Build.0 = Debug|Any CPU
		{C45F40D9-9F2C-8DF2-C4F1-8192CF56B1EF}.Release|Any CPU.ActiveCfg = Release|Any CPU
		{C45F40D9-9F2C-8DF2-C4F1-8192CF56B1EF}.Release|Any CPU.Build.0 = Release|Any CPU
		{02BEDEFC-0C79-6743-71DC-9AB4CB9FFF3D}.Debug|Any CPU.ActiveCfg = Debug|Any CPU
		{02BEDEFC-0C79-6743-71DC-9AB4CB9FFF3D}.Debug|Any CPU.Build.0 = Debug|Any CPU
		{02BEDEFC-0C79-6743-71DC-9AB4CB9FFF3D}.Release|Any CPU.ActiveCfg = Release|Any CPU
		{02BEDEFC-0C79-6743-71DC-9AB4CB9FFF3D}.Release|Any CPU.Build.0 = Release|Any CPU
		{7B9FA2FF-96C0-D73D-6222-8714CF6F0AB5}.Debug|Any CPU.ActiveCfg = Debug|Any CPU
		{7B9FA2FF-96C0-D73D-6222-8714CF6F0AB5}.Debug|Any CPU.Build.0 = Debug|Any CPU
		{7B9FA2FF-96C0-D73D-6222-8714CF6F0AB5}.Release|Any CPU.ActiveCfg = Release|Any CPU
		{7B9FA2FF-96C0-D73D-6222-8714CF6F0AB5}.Release|Any CPU.Build.0 = Release|Any CPU
		{84A8BE6C-EFCD-C626-C756-E44C8DB716E9}.Debug|Any CPU.ActiveCfg = Debug|Any CPU
		{84A8BE6C-EFCD-C626-C756-E44C8DB716E9}.Debug|Any CPU.Build.0 = Debug|Any CPU
		{84A8BE6C-EFCD-C626-C756-E44C8DB716E9}.Release|Any CPU.ActiveCfg = Release|Any CPU
		{84A8BE6C-EFCD-C626-C756-E44C8DB716E9}.Release|Any CPU.Build.0 = Release|Any CPU
		{335713DA-3DAD-3267-C517-78866EB1779D}.Debug|Any CPU.ActiveCfg = Debug|Any CPU
		{335713DA-3DAD-3267-C517-78866EB1779D}.Debug|Any CPU.Build.0 = Debug|Any CPU
		{335713DA-3DAD-3267-C517-78866EB1779D}.Release|Any CPU.ActiveCfg = Release|Any CPU
		{335713DA-3DAD-3267-C517-78866EB1779D}.Release|Any CPU.Build.0 = Release|Any CPU
		{8B427C1B-C2D8-A4E3-54B2-C583D9314265}.Debug|Any CPU.ActiveCfg = Debug|Any CPU
		{8B427C1B-C2D8-A4E3-54B2-C583D9314265}.Debug|Any CPU.Build.0 = Debug|Any CPU
		{8B427C1B-C2D8-A4E3-54B2-C583D9314265}.Release|Any CPU.ActiveCfg = Release|Any CPU
		{8B427C1B-C2D8-A4E3-54B2-C583D9314265}.Release|Any CPU.Build.0 = Release|Any CPU
		{BB208AB8-7F34-33A4-D626-BF6C1C8D4CB8}.Debug|Any CPU.ActiveCfg = Debug|Any CPU
		{BB208AB8-7F34-33A4-D626-BF6C1C8D4CB8}.Debug|Any CPU.Build.0 = Debug|Any CPU
		{BB208AB8-7F34-33A4-D626-BF6C1C8D4CB8}.Release|Any CPU.ActiveCfg = Release|Any CPU
		{BB208AB8-7F34-33A4-D626-BF6C1C8D4CB8}.Release|Any CPU.Build.0 = Release|Any CPU
		{D90FB152-F9E1-99A7-5AA7-24EB8DC9880B}.Debug|Any CPU.ActiveCfg = Debug|Any CPU
		{D90FB152-F9E1-99A7-5AA7-24EB8DC9880B}.Debug|Any CPU.Build.0 = Debug|Any CPU
		{D90FB152-F9E1-99A7-5AA7-24EB8DC9880B}.Release|Any CPU.ActiveCfg = Release|Any CPU
		{D90FB152-F9E1-99A7-5AA7-24EB8DC9880B}.Release|Any CPU.Build.0 = Release|Any CPU
		{A1416450-7ABD-D34D-0445-5A342364D052}.Debug|Any CPU.ActiveCfg = Debug|Any CPU
		{A1416450-7ABD-D34D-0445-5A342364D052}.Debug|Any CPU.Build.0 = Debug|Any CPU
		{A1416450-7ABD-D34D-0445-5A342364D052}.Release|Any CPU.ActiveCfg = Release|Any CPU
		{A1416450-7ABD-D34D-0445-5A342364D052}.Release|Any CPU.Build.0 = Release|Any CPU
		{C73542B7-B489-A4EF-2303-F3A901369B21}.Debug|Any CPU.ActiveCfg = Debug|Any CPU
		{C73542B7-B489-A4EF-2303-F3A901369B21}.Debug|Any CPU.Build.0 = Debug|Any CPU
		{C73542B7-B489-A4EF-2303-F3A901369B21}.Release|Any CPU.ActiveCfg = Release|Any CPU
		{C73542B7-B489-A4EF-2303-F3A901369B21}.Release|Any CPU.Build.0 = Release|Any CPU
		{5F5116AE-392A-0386-31FB-E545B323F00D}.Debug|Any CPU.ActiveCfg = Debug|Any CPU
		{5F5116AE-392A-0386-31FB-E545B323F00D}.Debug|Any CPU.Build.0 = Debug|Any CPU
		{5F5116AE-392A-0386-31FB-E545B323F00D}.Release|Any CPU.ActiveCfg = Release|Any CPU
		{5F5116AE-392A-0386-31FB-E545B323F00D}.Release|Any CPU.Build.0 = Release|Any CPU
		{C008CAB6-CA4D-25ED-5462-3D59ECC96FCA}.Debug|Any CPU.ActiveCfg = Debug|Any CPU
		{C008CAB6-CA4D-25ED-5462-3D59ECC96FCA}.Debug|Any CPU.Build.0 = Debug|Any CPU
		{C008CAB6-CA4D-25ED-5462-3D59ECC96FCA}.Release|Any CPU.ActiveCfg = Release|Any CPU
		{C008CAB6-CA4D-25ED-5462-3D59ECC96FCA}.Release|Any CPU.Build.0 = Release|Any CPU
		{DC4625D9-ECAF-EB2F-F828-8C3CD299C29A}.Debug|Any CPU.ActiveCfg = Debug|Any CPU
		{DC4625D9-ECAF-EB2F-F828-8C3CD299C29A}.Debug|Any CPU.Build.0 = Debug|Any CPU
		{DC4625D9-ECAF-EB2F-F828-8C3CD299C29A}.Release|Any CPU.ActiveCfg = Release|Any CPU
		{DC4625D9-ECAF-EB2F-F828-8C3CD299C29A}.Release|Any CPU.Build.0 = Release|Any CPU
		{9486E799-887F-D71D-7B63-44BE612AAEC8}.Debug|Any CPU.ActiveCfg = Debug|Any CPU
		{9486E799-887F-D71D-7B63-44BE612AAEC8}.Debug|Any CPU.Build.0 = Debug|Any CPU
		{9486E799-887F-D71D-7B63-44BE612AAEC8}.Release|Any CPU.ActiveCfg = Release|Any CPU
		{9486E799-887F-D71D-7B63-44BE612AAEC8}.Release|Any CPU.Build.0 = Release|Any CPU
		{70C0BEE9-D58C-0A0F-8B9B-7F395A525412}.Debug|Any CPU.ActiveCfg = Debug|Any CPU
		{70C0BEE9-D58C-0A0F-8B9B-7F395A525412}.Debug|Any CPU.Build.0 = Debug|Any CPU
		{70C0BEE9-D58C-0A0F-8B9B-7F395A525412}.Release|Any CPU.ActiveCfg = Release|Any CPU
		{70C0BEE9-D58C-0A0F-8B9B-7F395A525412}.Release|Any CPU.Build.0 = Release|Any CPU
		{DBBA6B85-849E-BDF2-79AD-39E8D77956C5}.Debug|Any CPU.ActiveCfg = Debug|Any CPU
		{DBBA6B85-849E-BDF2-79AD-39E8D77956C5}.Debug|Any CPU.Build.0 = Debug|Any CPU
		{DBBA6B85-849E-BDF2-79AD-39E8D77956C5}.Release|Any CPU.ActiveCfg = Release|Any CPU
		{DBBA6B85-849E-BDF2-79AD-39E8D77956C5}.Release|Any CPU.Build.0 = Release|Any CPU
		{01E3CE19-4E6D-3CF1-5AFE-4584FF26584B}.Debug|Any CPU.ActiveCfg = Debug|Any CPU
		{01E3CE19-4E6D-3CF1-5AFE-4584FF26584B}.Debug|Any CPU.Build.0 = Debug|Any CPU
		{01E3CE19-4E6D-3CF1-5AFE-4584FF26584B}.Release|Any CPU.ActiveCfg = Release|Any CPU
		{01E3CE19-4E6D-3CF1-5AFE-4584FF26584B}.Release|Any CPU.Build.0 = Release|Any CPU
		{A93DA6DC-2A7E-F4A7-AA97-5F5260962B2C}.Debug|Any CPU.ActiveCfg = Debug|Any CPU
		{A93DA6DC-2A7E-F4A7-AA97-5F5260962B2C}.Debug|Any CPU.Build.0 = Debug|Any CPU
		{A93DA6DC-2A7E-F4A7-AA97-5F5260962B2C}.Release|Any CPU.ActiveCfg = Release|Any CPU
		{A93DA6DC-2A7E-F4A7-AA97-5F5260962B2C}.Release|Any CPU.Build.0 = Release|Any CPU
		{E1EE5332-6800-B0A8-D80B-103D28264BB1}.Debug|Any CPU.ActiveCfg = Debug|Any CPU
		{E1EE5332-6800-B0A8-D80B-103D28264BB1}.Debug|Any CPU.Build.0 = Debug|Any CPU
		{E1EE5332-6800-B0A8-D80B-103D28264BB1}.Release|Any CPU.ActiveCfg = Release|Any CPU
		{E1EE5332-6800-B0A8-D80B-103D28264BB1}.Release|Any CPU.Build.0 = Release|Any CPU
		{23884F1F-73CB-6AF8-3DF1-E1075EF62213}.Debug|Any CPU.ActiveCfg = Debug|Any CPU
		{23884F1F-73CB-6AF8-3DF1-E1075EF62213}.Debug|Any CPU.Build.0 = Debug|Any CPU
		{23884F1F-73CB-6AF8-3DF1-E1075EF62213}.Release|Any CPU.ActiveCfg = Release|Any CPU
		{23884F1F-73CB-6AF8-3DF1-E1075EF62213}.Release|Any CPU.Build.0 = Release|Any CPU
		{F97583F9-E995-1F98-67F2-68D013015481}.Debug|Any CPU.ActiveCfg = Debug|Any CPU
		{F97583F9-E995-1F98-67F2-68D013015481}.Debug|Any CPU.Build.0 = Debug|Any CPU
		{F97583F9-E995-1F98-67F2-68D013015481}.Release|Any CPU.ActiveCfg = Release|Any CPU
		{F97583F9-E995-1F98-67F2-68D013015481}.Release|Any CPU.Build.0 = Release|Any CPU
		{FADAD729-5A8D-27D1-64AF-172E3CD5BDCD}.Debug|Any CPU.ActiveCfg = Debug|Any CPU
		{FADAD729-5A8D-27D1-64AF-172E3CD5BDCD}.Debug|Any CPU.Build.0 = Debug|Any CPU
		{FADAD729-5A8D-27D1-64AF-172E3CD5BDCD}.Release|Any CPU.ActiveCfg = Release|Any CPU
		{FADAD729-5A8D-27D1-64AF-172E3CD5BDCD}.Release|Any CPU.Build.0 = Release|Any CPU
		{31479B22-A959-3F3C-8F2C-81AE8D9053DB}.Debug|Any CPU.ActiveCfg = Debug|Any CPU
		{31479B22-A959-3F3C-8F2C-81AE8D9053DB}.Debug|Any CPU.Build.0 = Debug|Any CPU
		{31479B22-A959-3F3C-8F2C-81AE8D9053DB}.Release|Any CPU.ActiveCfg = Release|Any CPU
		{31479B22-A959-3F3C-8F2C-81AE8D9053DB}.Release|Any CPU.Build.0 = Release|Any CPU
		{9B85454C-9FA9-00B0-23FC-9A92225A785C}.Debug|Any CPU.ActiveCfg = Debug|Any CPU
		{9B85454C-9FA9-00B0-23FC-9A92225A785C}.Debug|Any CPU.Build.0 = Debug|Any CPU
		{9B85454C-9FA9-00B0-23FC-9A92225A785C}.Release|Any CPU.ActiveCfg = Release|Any CPU
		{9B85454C-9FA9-00B0-23FC-9A92225A785C}.Release|Any CPU.Build.0 = Release|Any CPU
		{5BB56EF6-6AB2-1B2E-4CF1-11700765ABD7}.Debug|Any CPU.ActiveCfg = Debug|Any CPU
		{5BB56EF6-6AB2-1B2E-4CF1-11700765ABD7}.Debug|Any CPU.Build.0 = Debug|Any CPU
		{5BB56EF6-6AB2-1B2E-4CF1-11700765ABD7}.Release|Any CPU.ActiveCfg = Release|Any CPU
		{5BB56EF6-6AB2-1B2E-4CF1-11700765ABD7}.Release|Any CPU.Build.0 = Release|Any CPU
		{1DD97063-F7CA-DC4C-C0FF-24B86383742C}.Debug|Any CPU.ActiveCfg = Debug|Any CPU
		{1DD97063-F7CA-DC4C-C0FF-24B86383742C}.Debug|Any CPU.Build.0 = Debug|Any CPU
		{1DD97063-F7CA-DC4C-C0FF-24B86383742C}.Release|Any CPU.ActiveCfg = Release|Any CPU
		{1DD97063-F7CA-DC4C-C0FF-24B86383742C}.Release|Any CPU.Build.0 = Release|Any CPU
		{06CB3C13-BAC3-A55C-25AF-06F29E0C83D8}.Debug|Any CPU.ActiveCfg = Debug|Any CPU
		{06CB3C13-BAC3-A55C-25AF-06F29E0C83D8}.Debug|Any CPU.Build.0 = Debug|Any CPU
		{06CB3C13-BAC3-A55C-25AF-06F29E0C83D8}.Release|Any CPU.ActiveCfg = Release|Any CPU
		{06CB3C13-BAC3-A55C-25AF-06F29E0C83D8}.Release|Any CPU.Build.0 = Release|Any CPU
		{60C67A74-8E3E-175C-3A8C-15E9CF02F2F6}.Debug|Any CPU.ActiveCfg = Debug|Any CPU
		{60C67A74-8E3E-175C-3A8C-15E9CF02F2F6}.Debug|Any CPU.Build.0 = Debug|Any CPU
		{60C67A74-8E3E-175C-3A8C-15E9CF02F2F6}.Release|Any CPU.ActiveCfg = Release|Any CPU
		{60C67A74-8E3E-175C-3A8C-15E9CF02F2F6}.Release|Any CPU.Build.0 = Release|Any CPU
		{511AB273-F5AF-85DD-A272-AC3AEE5F2846}.Debug|Any CPU.ActiveCfg = Debug|Any CPU
		{511AB273-F5AF-85DD-A272-AC3AEE5F2846}.Debug|Any CPU.Build.0 = Debug|Any CPU
		{511AB273-F5AF-85DD-A272-AC3AEE5F2846}.Release|Any CPU.ActiveCfg = Release|Any CPU
		{511AB273-F5AF-85DD-A272-AC3AEE5F2846}.Release|Any CPU.Build.0 = Release|Any CPU
		{CA41AC73-DBBF-CA42-5564-DD46115F8A9C}.Debug|Any CPU.ActiveCfg = Debug|Any CPU
		{CA41AC73-DBBF-CA42-5564-DD46115F8A9C}.Debug|Any CPU.Build.0 = Debug|Any CPU
		{CA41AC73-DBBF-CA42-5564-DD46115F8A9C}.Release|Any CPU.ActiveCfg = Release|Any CPU
		{CA41AC73-DBBF-CA42-5564-DD46115F8A9C}.Release|Any CPU.Build.0 = Release|Any CPU
		{F5883C00-3B08-C1B0-D681-141110FAB9C4}.Debug|Any CPU.ActiveCfg = Debug|Any CPU
		{F5883C00-3B08-C1B0-D681-141110FAB9C4}.Debug|Any CPU.Build.0 = Debug|Any CPU
		{F5883C00-3B08-C1B0-D681-141110FAB9C4}.Release|Any CPU.ActiveCfg = Release|Any CPU
		{F5883C00-3B08-C1B0-D681-141110FAB9C4}.Release|Any CPU.Build.0 = Release|Any CPU
		{DA2A930B-6DF0-B825-80EC-9BC86F54EBD4}.Debug|Any CPU.ActiveCfg = Debug|Any CPU
		{DA2A930B-6DF0-B825-80EC-9BC86F54EBD4}.Debug|Any CPU.Build.0 = Debug|Any CPU
		{DA2A930B-6DF0-B825-80EC-9BC86F54EBD4}.Release|Any CPU.ActiveCfg = Release|Any CPU
		{DA2A930B-6DF0-B825-80EC-9BC86F54EBD4}.Release|Any CPU.Build.0 = Release|Any CPU
		{4E0384A6-88D8-4119-44FE-C02BE96F8085}.Debug|Any CPU.ActiveCfg = Debug|Any CPU
		{4E0384A6-88D8-4119-44FE-C02BE96F8085}.Debug|Any CPU.Build.0 = Debug|Any CPU
		{4E0384A6-88D8-4119-44FE-C02BE96F8085}.Release|Any CPU.ActiveCfg = Release|Any CPU
		{4E0384A6-88D8-4119-44FE-C02BE96F8085}.Release|Any CPU.Build.0 = Release|Any CPU
		{65E79806-8CBC-EAAC-C56E-D036BBC57C3D}.Debug|Any CPU.ActiveCfg = Debug|Any CPU
		{65E79806-8CBC-EAAC-C56E-D036BBC57C3D}.Debug|Any CPU.Build.0 = Debug|Any CPU
		{65E79806-8CBC-EAAC-C56E-D036BBC57C3D}.Release|Any CPU.ActiveCfg = Release|Any CPU
		{65E79806-8CBC-EAAC-C56E-D036BBC57C3D}.Release|Any CPU.Build.0 = Release|Any CPU
		{8000FBF5-7638-907E-38DD-9E715B77935E}.Debug|Any CPU.ActiveCfg = Debug|Any CPU
		{8000FBF5-7638-907E-38DD-9E715B77935E}.Debug|Any CPU.Build.0 = Debug|Any CPU
		{8000FBF5-7638-907E-38DD-9E715B77935E}.Release|Any CPU.ActiveCfg = Release|Any CPU
		{8000FBF5-7638-907E-38DD-9E715B77935E}.Release|Any CPU.Build.0 = Release|Any CPU
		{7A009D38-D760-5C52-B325-73342739F4FD}.Debug|Any CPU.ActiveCfg = Debug|Any CPU
		{7A009D38-D760-5C52-B325-73342739F4FD}.Debug|Any CPU.Build.0 = Debug|Any CPU
		{7A009D38-D760-5C52-B325-73342739F4FD}.Release|Any CPU.ActiveCfg = Release|Any CPU
		{7A009D38-D760-5C52-B325-73342739F4FD}.Release|Any CPU.Build.0 = Release|Any CPU
		{46A405D0-2430-C030-8875-135D060BBA2A}.Debug|Any CPU.ActiveCfg = Debug|Any CPU
		{46A405D0-2430-C030-8875-135D060BBA2A}.Debug|Any CPU.Build.0 = Debug|Any CPU
		{46A405D0-2430-C030-8875-135D060BBA2A}.Release|Any CPU.ActiveCfg = Release|Any CPU
		{46A405D0-2430-C030-8875-135D060BBA2A}.Release|Any CPU.Build.0 = Release|Any CPU
		{09460D14-2017-E219-44E5-A75329595201}.Debug|Any CPU.ActiveCfg = Debug|Any CPU
		{09460D14-2017-E219-44E5-A75329595201}.Debug|Any CPU.Build.0 = Debug|Any CPU
		{09460D14-2017-E219-44E5-A75329595201}.Release|Any CPU.ActiveCfg = Release|Any CPU
		{09460D14-2017-E219-44E5-A75329595201}.Release|Any CPU.Build.0 = Release|Any CPU
		{75BB8B0E-5181-E581-21A4-F8FB5B263890}.Debug|Any CPU.ActiveCfg = Debug|Any CPU
		{75BB8B0E-5181-E581-21A4-F8FB5B263890}.Debug|Any CPU.Build.0 = Debug|Any CPU
		{75BB8B0E-5181-E581-21A4-F8FB5B263890}.Release|Any CPU.ActiveCfg = Release|Any CPU
		{75BB8B0E-5181-E581-21A4-F8FB5B263890}.Release|Any CPU.Build.0 = Release|Any CPU
		{7BA7CF2E-48C3-86AD-18D3-1FC1A77B99FC}.Debug|Any CPU.ActiveCfg = Debug|Any CPU
		{7BA7CF2E-48C3-86AD-18D3-1FC1A77B99FC}.Debug|Any CPU.Build.0 = Debug|Any CPU
		{7BA7CF2E-48C3-86AD-18D3-1FC1A77B99FC}.Release|Any CPU.ActiveCfg = Release|Any CPU
		{7BA7CF2E-48C3-86AD-18D3-1FC1A77B99FC}.Release|Any CPU.Build.0 = Release|Any CPU
		{2B56A485-4FA1-7FEB-CC21-C88DA5D5676F}.Debug|Any CPU.ActiveCfg = Debug|Any CPU
		{2B56A485-4FA1-7FEB-CC21-C88DA5D5676F}.Debug|Any CPU.Build.0 = Debug|Any CPU
		{2B56A485-4FA1-7FEB-CC21-C88DA5D5676F}.Release|Any CPU.ActiveCfg = Release|Any CPU
		{2B56A485-4FA1-7FEB-CC21-C88DA5D5676F}.Release|Any CPU.Build.0 = Release|Any CPU
		{BFA60A48-D7FD-7BC7-2407-82E7631B1243}.Debug|Any CPU.ActiveCfg = Debug|Any CPU
		{BFA60A48-D7FD-7BC7-2407-82E7631B1243}.Debug|Any CPU.Build.0 = Debug|Any CPU
		{BFA60A48-D7FD-7BC7-2407-82E7631B1243}.Release|Any CPU.ActiveCfg = Release|Any CPU
		{BFA60A48-D7FD-7BC7-2407-82E7631B1243}.Release|Any CPU.Build.0 = Release|Any CPU
		{CB80C37B-F292-4440-47C4-0CB97B234889}.Debug|Any CPU.ActiveCfg = Debug|Any CPU
		{CB80C37B-F292-4440-47C4-0CB97B234889}.Debug|Any CPU.Build.0 = Debug|Any CPU
		{CB80C37B-F292-4440-47C4-0CB97B234889}.Release|Any CPU.ActiveCfg = Release|Any CPU
		{CB80C37B-F292-4440-47C4-0CB97B234889}.Release|Any CPU.Build.0 = Release|Any CPU
		{CE3BFE11-01F1-0FA2-01C9-A70394BA1EC1}.Debug|Any CPU.ActiveCfg = Debug|Any CPU
		{CE3BFE11-01F1-0FA2-01C9-A70394BA1EC1}.Debug|Any CPU.Build.0 = Debug|Any CPU
		{CE3BFE11-01F1-0FA2-01C9-A70394BA1EC1}.Release|Any CPU.ActiveCfg = Release|Any CPU
		{CE3BFE11-01F1-0FA2-01C9-A70394BA1EC1}.Release|Any CPU.Build.0 = Release|Any CPU
		{FF00F9AF-200F-3F1C-9F7D-CDE1B3A8EAC4}.Debug|Any CPU.ActiveCfg = Debug|Any CPU
		{FF00F9AF-200F-3F1C-9F7D-CDE1B3A8EAC4}.Debug|Any CPU.Build.0 = Debug|Any CPU
		{FF00F9AF-200F-3F1C-9F7D-CDE1B3A8EAC4}.Release|Any CPU.ActiveCfg = Release|Any CPU
		{FF00F9AF-200F-3F1C-9F7D-CDE1B3A8EAC4}.Release|Any CPU.Build.0 = Release|Any CPU
		{1111401D-21DF-D745-C245-AAF7FC238448}.Debug|Any CPU.ActiveCfg = Debug|Any CPU
		{1111401D-21DF-D745-C245-AAF7FC238448}.Debug|Any CPU.Build.0 = Debug|Any CPU
		{1111401D-21DF-D745-C245-AAF7FC238448}.Release|Any CPU.ActiveCfg = Release|Any CPU
		{1111401D-21DF-D745-C245-AAF7FC238448}.Release|Any CPU.Build.0 = Release|Any CPU
		{FD162586-F1C4-CBCD-8E99-0A689988AC28}.Debug|Any CPU.ActiveCfg = Debug|Any CPU
		{FD162586-F1C4-CBCD-8E99-0A689988AC28}.Debug|Any CPU.Build.0 = Debug|Any CPU
		{FD162586-F1C4-CBCD-8E99-0A689988AC28}.Release|Any CPU.ActiveCfg = Release|Any CPU
		{FD162586-F1C4-CBCD-8E99-0A689988AC28}.Release|Any CPU.Build.0 = Release|Any CPU
		{FFDE00BE-7FED-1D09-2576-BCBA7D056A84}.Debug|Any CPU.ActiveCfg = Debug|Any CPU
		{FFDE00BE-7FED-1D09-2576-BCBA7D056A84}.Debug|Any CPU.Build.0 = Debug|Any CPU
		{FFDE00BE-7FED-1D09-2576-BCBA7D056A84}.Release|Any CPU.ActiveCfg = Release|Any CPU
		{FFDE00BE-7FED-1D09-2576-BCBA7D056A84}.Release|Any CPU.Build.0 = Release|Any CPU
		{3C632CF7-BAAC-CFC3-BF66-26C35DD2B31D}.Debug|Any CPU.ActiveCfg = Debug|Any CPU
		{3C632CF7-BAAC-CFC3-BF66-26C35DD2B31D}.Debug|Any CPU.Build.0 = Debug|Any CPU
		{3C632CF7-BAAC-CFC3-BF66-26C35DD2B31D}.Release|Any CPU.ActiveCfg = Release|Any CPU
		{3C632CF7-BAAC-CFC3-BF66-26C35DD2B31D}.Release|Any CPU.Build.0 = Release|Any CPU
	EndGlobalSection
	GlobalSection(SolutionProperties) = preSolution
		HideSolutionNode = FALSE
	EndGlobalSection
EndGlobal
